// !$*UTF8*$!
{
	archiveVersion = 1;
	classes = {
	};
	objectVersion = 50;
	objects = {

/* Begin PBXBuildFile section */
		91D53B2B24CEF1B300037EDE /* day_39_40_41App.swift in Sources */ = {isa = PBXBuildFile; fileRef = 91D53B2A24CEF1B300037EDE /* day_39_40_41App.swift */; };
		91D53B2D24CEF1B300037EDE /* ContentView.swift in Sources */ = {isa = PBXBuildFile; fileRef = 91D53B2C24CEF1B300037EDE /* ContentView.swift */; };
		91D53B2F24CEF1B400037EDE /* Assets.xcassets in Resources */ = {isa = PBXBuildFile; fileRef = 91D53B2E24CEF1B400037EDE /* Assets.xcassets */; };
		91D53B3224CEF1B400037EDE /* Preview Assets.xcassets in Resources */ = {isa = PBXBuildFile; fileRef = 91D53B3124CEF1B400037EDE /* Preview Assets.xcassets */; };
		91D53B3B24CEF1D100037EDE /* astronauts.json in Resources */ = {isa = PBXBuildFile; fileRef = 91D53B3924CEF1D100037EDE /* astronauts.json */; };
		91D53B3C24CEF1D100037EDE /* missions.json in Resources */ = {isa = PBXBuildFile; fileRef = 91D53B3A24CEF1D100037EDE /* missions.json */; };
		91D53B3E24CEF1E700037EDE /* Astronuts.swift in Sources */ = {isa = PBXBuildFile; fileRef = 91D53B3D24CEF1E700037EDE /* Astronuts.swift */; };
		91D53B4024CEF25800037EDE /* Ext + Bundle.swift in Sources */ = {isa = PBXBuildFile; fileRef = 91D53B3F24CEF25800037EDE /* Ext + Bundle.swift */; };
		91D53B4224CEF55700037EDE /* CrewRole.swift in Sources */ = {isa = PBXBuildFile; fileRef = 91D53B4124CEF55700037EDE /* CrewRole.swift */; };
		91F4AE8A24D0272F00D04331 /* MissionView.swift in Sources */ = {isa = PBXBuildFile; fileRef = 91F4AE8924D0272F00D04331 /* MissionView.swift */; };
		91F4AE8C24D02D0A00D04331 /* AstrontView.swift in Sources */ = {isa = PBXBuildFile; fileRef = 91F4AE8B24D02D0A00D04331 /* AstrontView.swift */; };
/* End PBXBuildFile section */

/* Begin PBXFileReference section */
		91D53B2724CEF1B300037EDE /* day-39-40-41.app */ = {isa = PBXFileReference; explicitFileType = wrapper.application; includeInIndex = 0; path = "day-39-40-41.app"; sourceTree = BUILT_PRODUCTS_DIR; };
		91D53B2A24CEF1B300037EDE /* day_39_40_41App.swift */ = {isa = PBXFileReference; lastKnownFileType = sourcecode.swift; path = day_39_40_41App.swift; sourceTree = "<group>"; };
		91D53B2C24CEF1B300037EDE /* ContentView.swift */ = {isa = PBXFileReference; lastKnownFileType = sourcecode.swift; path = ContentView.swift; sourceTree = "<group>"; };
		91D53B2E24CEF1B400037EDE /* Assets.xcassets */ = {isa = PBXFileReference; lastKnownFileType = folder.assetcatalog; path = Assets.xcassets; sourceTree = "<group>"; };
		91D53B3124CEF1B400037EDE /* Preview Assets.xcassets */ = {isa = PBXFileReference; lastKnownFileType = folder.assetcatalog; path = "Preview Assets.xcassets"; sourceTree = "<group>"; };
		91D53B3324CEF1B400037EDE /* Info.plist */ = {isa = PBXFileReference; lastKnownFileType = text.plist.xml; path = Info.plist; sourceTree = "<group>"; };
		91D53B3924CEF1D100037EDE /* astronauts.json */ = {isa = PBXFileReference; fileEncoding = 4; lastKnownFileType = text.json; path = astronauts.json; sourceTree = "<group>"; };
		91D53B3A24CEF1D100037EDE /* missions.json */ = {isa = PBXFileReference; fileEncoding = 4; lastKnownFileType = text.json; path = missions.json; sourceTree = "<group>"; };
		91D53B3D24CEF1E700037EDE /* Astronuts.swift */ = {isa = PBXFileReference; lastKnownFileType = sourcecode.swift; path = Astronuts.swift; sourceTree = "<group>"; };
		91D53B3F24CEF25800037EDE /* Ext + Bundle.swift */ = {isa = PBXFileReference; lastKnownFileType = sourcecode.swift; path = "Ext + Bundle.swift"; sourceTree = "<group>"; };
		91D53B4124CEF55700037EDE /* CrewRole.swift */ = {isa = PBXFileReference; lastKnownFileType = sourcecode.swift; path = CrewRole.swift; sourceTree = "<group>"; };
		91F4AE8924D0272F00D04331 /* MissionView.swift */ = {isa = PBXFileReference; lastKnownFileType = sourcecode.swift; path = MissionView.swift; sourceTree = "<group>"; };
		91F4AE8B24D02D0A00D04331 /* AstrontView.swift */ = {isa = PBXFileReference; lastKnownFileType = sourcecode.swift; path = AstrontView.swift; sourceTree = "<group>"; };
/* End PBXFileReference section */

/* Begin PBXFrameworksBuildPhase section */
		91D53B2424CEF1B300037EDE /* Frameworks */ = {
			isa = PBXFrameworksBuildPhase;
			buildActionMask = 2147483647;
			files = (
			);
			runOnlyForDeploymentPostprocessing = 0;
		};
/* End PBXFrameworksBuildPhase section */

/* Begin PBXGroup section */
		91D53B1E24CEF1B300037EDE = {
			isa = PBXGroup;
			children = (
				91D53B2924CEF1B300037EDE /* day-39-40-41 */,
				91D53B2824CEF1B300037EDE /* Products */,
			);
			sourceTree = "<group>";
		};
		91D53B2824CEF1B300037EDE /* Products */ = {
			isa = PBXGroup;
			children = (
				91D53B2724CEF1B300037EDE /* day-39-40-41.app */,
			);
			name = Products;
			sourceTree = "<group>";
		};
		91D53B2924CEF1B300037EDE /* day-39-40-41 */ = {
			isa = PBXGroup;
			children = (
				91D53B2A24CEF1B300037EDE /* day_39_40_41App.swift */,
				91D53B2C24CEF1B300037EDE /* ContentView.swift */,
				91D53B3D24CEF1E700037EDE /* Astronuts.swift */,
				91D53B3F24CEF25800037EDE /* Ext + Bundle.swift */,
				91D53B4124CEF55700037EDE /* CrewRole.swift */,
				91F4AE8924D0272F00D04331 /* MissionView.swift */,
				91F4AE8B24D02D0A00D04331 /* AstrontView.swift */,
				91D53B2E24CEF1B400037EDE /* Assets.xcassets */,
				91D53B3324CEF1B400037EDE /* Info.plist */,
				91D53B3924CEF1D100037EDE /* astronauts.json */,
				91D53B3A24CEF1D100037EDE /* missions.json */,
				91D53B3024CEF1B400037EDE /* Preview Content */,
			);
			path = "day-39-40-41";
			sourceTree = "<group>";
		};
		91D53B3024CEF1B400037EDE /* Preview Content */ = {
			isa = PBXGroup;
			children = (
				91D53B3124CEF1B400037EDE /* Preview Assets.xcassets */,
			);
			path = "Preview Content";
			sourceTree = "<group>";
		};
/* End PBXGroup section */

/* Begin PBXNativeTarget section */
		91D53B2624CEF1B300037EDE /* day-39-40-41 */ = {
			isa = PBXNativeTarget;
			buildConfigurationList = 91D53B3624CEF1B400037EDE /* Build configuration list for PBXNativeTarget "day-39-40-41" */;
			buildPhases = (
				91D53B2324CEF1B300037EDE /* Sources */,
				91D53B2424CEF1B300037EDE /* Frameworks */,
				91D53B2524CEF1B300037EDE /* Resources */,
			);
			buildRules = (
			);
			dependencies = (
			);
			name = "day-39-40-41";
			productName = "day-39-40-41";
			productReference = 91D53B2724CEF1B300037EDE /* day-39-40-41.app */;
			productType = "com.apple.product-type.application";
		};
/* End PBXNativeTarget section */

/* Begin PBXProject section */
		91D53B1F24CEF1B300037EDE /* Project object */ = {
			isa = PBXProject;
			attributes = {
				LastSwiftUpdateCheck = 1200;
				LastUpgradeCheck = 1200;
				TargetAttributes = {
					91D53B2624CEF1B300037EDE = {
						CreatedOnToolsVersion = 12.0;
					};
				};
			};
			buildConfigurationList = 91D53B2224CEF1B300037EDE /* Build configuration list for PBXProject "day-39-40-41" */;
			compatibilityVersion = "Xcode 9.3";
			developmentRegion = en;
			hasScannedForEncodings = 0;
			knownRegions = (
				en,
				Base,
			);
			mainGroup = 91D53B1E24CEF1B300037EDE;
			productRefGroup = 91D53B2824CEF1B300037EDE /* Products */;
			projectDirPath = "";
			projectRoot = "";
			targets = (
				91D53B2624CEF1B300037EDE /* day-39-40-41 */,
			);
		};
/* End PBXProject section */

/* Begin PBXResourcesBuildPhase section */
		91D53B2524CEF1B300037EDE /* Resources */ = {
			isa = PBXResourcesBuildPhase;
			buildActionMask = 2147483647;
			files = (
				91D53B3B24CEF1D100037EDE /* astronauts.json in Resources */,
				91D53B3224CEF1B400037EDE /* Preview Assets.xcassets in Resources */,
				91D53B3C24CEF1D100037EDE /* missions.json in Resources */,
				91D53B2F24CEF1B400037EDE /* Assets.xcassets in Resources */,
			);
			runOnlyForDeploymentPostprocessing = 0;
		};
/* End PBXResourcesBuildPhase section */

/* Begin PBXSourcesBuildPhase section */
		91D53B2324CEF1B300037EDE /* Sources */ = {
			isa = PBXSourcesBuildPhase;
			buildActionMask = 2147483647;
			files = (
				91D53B2D24CEF1B300037EDE /* ContentView.swift in Sources */,
				91D53B3E24CEF1E700037EDE /* Astronuts.swift in Sources */,
				91F4AE8C24D02D0A00D04331 /* AstrontView.swift in Sources */,
				91D53B2B24CEF1B300037EDE /* day_39_40_41App.swift in Sources */,
				91D53B4024CEF25800037EDE /* Ext + Bundle.swift in Sources */,
				91D53B4224CEF55700037EDE /* CrewRole.swift in Sources */,
				91F4AE8A24D0272F00D04331 /* MissionView.swift in Sources */,
			);
			runOnlyForDeploymentPostprocessing = 0;
		};
/* End PBXSourcesBuildPhase section */

/* Begin XCBuildConfiguration section */
		91D53B3424CEF1B400037EDE /* Debug */ = {
			isa = XCBuildConfiguration;
			buildSettings = {
				ALWAYS_SEARCH_USER_PATHS = NO;
				CLANG_ANALYZER_NONNULL = YES;
				CLANG_ANALYZER_NUMBER_OBJECT_CONVERSION = YES_AGGRESSIVE;
				CLANG_CXX_LANGUAGE_STANDARD = "gnu++14";
				CLANG_CXX_LIBRARY = "libc++";
				CLANG_ENABLE_MODULES = YES;
				CLANG_ENABLE_OBJC_ARC = YES;
				CLANG_ENABLE_OBJC_WEAK = YES;
				CLANG_WARN_BLOCK_CAPTURE_AUTORELEASING = YES;
				CLANG_WARN_BOOL_CONVERSION = YES;
				CLANG_WARN_COMMA = YES;
				CLANG_WARN_CONSTANT_CONVERSION = YES;
				CLANG_WARN_DEPRECATED_OBJC_IMPLEMENTATIONS = YES;
				CLANG_WARN_DIRECT_OBJC_ISA_USAGE = YES_ERROR;
				CLANG_WARN_DOCUMENTATION_COMMENTS = YES;
				CLANG_WARN_EMPTY_BODY = YES;
				CLANG_WARN_ENUM_CONVERSION = YES;
				CLANG_WARN_INFINITE_RECURSION = YES;
				CLANG_WARN_INT_CONVERSION = YES;
				CLANG_WARN_NON_LITERAL_NULL_CONVERSION = YES;
				CLANG_WARN_OBJC_IMPLICIT_RETAIN_SELF = YES;
				CLANG_WARN_OBJC_LITERAL_CONVERSION = YES;
				CLANG_WARN_OBJC_ROOT_CLASS = YES_ERROR;
				CLANG_WARN_QUOTED_INCLUDE_IN_FRAMEWORK_HEADER = YES;
				CLANG_WARN_RANGE_LOOP_ANALYSIS = YES;
				CLANG_WARN_STRICT_PROTOTYPES = YES;
				CLANG_WARN_SUSPICIOUS_MOVE = YES;
				CLANG_WARN_UNGUARDED_AVAILABILITY = YES_AGGRESSIVE;
				CLANG_WARN_UNREACHABLE_CODE = YES;
				CLANG_WARN__DUPLICATE_METHOD_MATCH = YES;
				COPY_PHASE_STRIP = NO;
				DEBUG_INFORMATION_FORMAT = dwarf;
				ENABLE_STRICT_OBJC_MSGSEND = YES;
				ENABLE_TESTABILITY = YES;
				GCC_C_LANGUAGE_STANDARD = gnu11;
				GCC_DYNAMIC_NO_PIC = NO;
				GCC_NO_COMMON_BLOCKS = YES;
				GCC_OPTIMIZATION_LEVEL = 0;
				GCC_PREPROCESSOR_DEFINITIONS = (
					"DEBUG=1",
					"$(inherited)",
				);
				GCC_WARN_64_TO_32_BIT_CONVERSION = YES;
				GCC_WARN_ABOUT_RETURN_TYPE = YES_ERROR;
				GCC_WARN_UNDECLARED_SELECTOR = YES;
				GCC_WARN_UNINITIALIZED_AUTOS = YES_AGGRESSIVE;
				GCC_WARN_UNUSED_FUNCTION = YES;
				GCC_WARN_UNUSED_VARIABLE = YES;
				IPHONEOS_DEPLOYMENT_TARGET = 14.0;
				MTL_ENABLE_DEBUG_INFO = INCLUDE_SOURCE;
				MTL_FAST_MATH = YES;
				ONLY_ACTIVE_ARCH = YES;
				SDKROOT = iphoneos;
				SWIFT_ACTIVE_COMPILATION_CONDITIONS = DEBUG;
				SWIFT_OPTIMIZATION_LEVEL = "-Onone";
			};
			name = Debug;
		};
		91D53B3524CEF1B400037EDE /* Release */ = {
			isa = XCBuildConfiguration;
			buildSettings = {
				ALWAYS_SEARCH_USER_PATHS = NO;
				CLANG_ANALYZER_NONNULL = YES;
				CLANG_ANALYZER_NUMBER_OBJECT_CONVERSION = YES_AGGRESSIVE;
				CLANG_CXX_LANGUAGE_STANDARD = "gnu++14";
				CLANG_CXX_LIBRARY = "libc++";
				CLANG_ENABLE_MODULES = YES;
				CLANG_ENABLE_OBJC_ARC = YES;
				CLANG_ENABLE_OBJC_WEAK = YES;
				CLANG_WARN_BLOCK_CAPTURE_AUTORELEASING = YES;
				CLANG_WARN_BOOL_CONVERSION = YES;
				CLANG_WARN_COMMA = YES;
				CLANG_WARN_CONSTANT_CONVERSION = YES;
				CLANG_WARN_DEPRECATED_OBJC_IMPLEMENTATIONS = YES;
				CLANG_WARN_DIRECT_OBJC_ISA_USAGE = YES_ERROR;
				CLANG_WARN_DOCUMENTATION_COMMENTS = YES;
				CLANG_WARN_EMPTY_BODY = YES;
				CLANG_WARN_ENUM_CONVERSION = YES;
				CLANG_WARN_INFINITE_RECURSION = YES;
				CLANG_WARN_INT_CONVERSION = YES;
				CLANG_WARN_NON_LITERAL_NULL_CONVERSION = YES;
				CLANG_WARN_OBJC_IMPLICIT_RETAIN_SELF = YES;
				CLANG_WARN_OBJC_LITERAL_CONVERSION = YES;
				CLANG_WARN_OBJC_ROOT_CLASS = YES_ERROR;
				CLANG_WARN_QUOTED_INCLUDE_IN_FRAMEWORK_HEADER = YES;
				CLANG_WARN_RANGE_LOOP_ANALYSIS = YES;
				CLANG_WARN_STRICT_PROTOTYPES = YES;
				CLANG_WARN_SUSPICIOUS_MOVE = YES;
				CLANG_WARN_UNGUARDED_AVAILABILITY = YES_AGGRESSIVE;
				CLANG_WARN_UNREACHABLE_CODE = YES;
				CLANG_WARN__DUPLICATE_METHOD_MATCH = YES;
				COPY_PHASE_STRIP = NO;
				DEBUG_INFORMATION_FORMAT = "dwarf-with-dsym";
				ENABLE_NS_ASSERTIONS = NO;
				ENABLE_STRICT_OBJC_MSGSEND = YES;
				GCC_C_LANGUAGE_STANDARD = gnu11;
				GCC_NO_COMMON_BLOCKS = YES;
				GCC_WARN_64_TO_32_BIT_CONVERSION = YES;
				GCC_WARN_ABOUT_RETURN_TYPE = YES_ERROR;
				GCC_WARN_UNDECLARED_SELECTOR = YES;
				GCC_WARN_UNINITIALIZED_AUTOS = YES_AGGRESSIVE;
				GCC_WARN_UNUSED_FUNCTION = YES;
				GCC_WARN_UNUSED_VARIABLE = YES;
				IPHONEOS_DEPLOYMENT_TARGET = 14.0;
				MTL_ENABLE_DEBUG_INFO = NO;
				MTL_FAST_MATH = YES;
				SDKROOT = iphoneos;
				SWIFT_COMPILATION_MODE = wholemodule;
				SWIFT_OPTIMIZATION_LEVEL = "-O";
				VALIDATE_PRODUCT = YES;
			};
			name = Release;
		};
		91D53B3724CEF1B400037EDE /* Debug */ = {
			isa = XCBuildConfiguration;
			buildSettings = {
				ASSETCATALOG_COMPILER_APPICON_NAME = AppIcon;
				ASSETCATALOG_COMPILER_GLOBAL_ACCENT_COLOR_NAME = AccentColor;
				CODE_SIGN_STYLE = Automatic;
				DEVELOPMENT_ASSET_PATHS = "\"day-39-40-41/Preview Content\"";
				DEVELOPMENT_TEAM = STV734VKPU;
				ENABLE_PREVIEWS = YES;
				INFOPLIST_FILE = "day-39-40-41/Info.plist";
				IPHONEOS_DEPLOYMENT_TARGET = 14.0;
				LD_RUNPATH_SEARCH_PATHS = (
					"$(inherited)",
					"@executable_path/Frameworks",
				);
				PRODUCT_BUNDLE_IDENTIFIER = "JunaidKhan.day-39-40-41";
				PRODUCT_NAME = "$(TARGET_NAME)";
				SWIFT_VERSION = 5.0;
				TARGETED_DEVICE_FAMILY = "1,2";
			};
			name = Debug;
		};
		91D53B3824CEF1B400037EDE /* Release */ = {
			isa = XCBuildConfiguration;
			buildSettings = {
				ASSETCATALOG_COMPILER_APPICON_NAME = AppIcon;
				ASSETCATALOG_COMPILER_GLOBAL_ACCENT_COLOR_NAME = AccentColor;
				CODE_SIGN_STYLE = Automatic;
				DEVELOPMENT_ASSET_PATHS = "\"day-39-40-41/Preview Content\"";
				DEVELOPMENT_TEAM = STV734VKPU;
				ENABLE_PREVIEWS = YES;
				INFOPLIST_FILE = "day-39-40-41/Info.plist";
				IPHONEOS_DEPLOYMENT_TARGET = 14.0;
				LD_RUNPATH_SEARCH_PATHS = (
					"$(inherited)",
					"@executable_path/Frameworks",
				);
				PRODUCT_BUNDLE_IDENTIFIER = "JunaidKhan.day-39-40-41";
				PRODUCT_NAME = "$(TARGET_NAME)";
				SWIFT_VERSION = 5.0;
				TARGETED_DEVICE_FAMILY = "1,2";
			};
			name = Release;
		};
/* End XCBuildConfiguration section */

/* Begin XCConfigurationList section */
		91D53B2224CEF1B300037EDE /* Build configuration list for PBXProject "day-39-40-41" */ = {
			isa = XCConfigurationList;
			buildConfigurations = (
				91D53B3424CEF1B400037EDE /* Debug */,
				91D53B3524CEF1B400037EDE /* Release */,
			);
			defaultConfigurationIsVisible = 0;
			defaultConfigurationName = Release;
		};
		91D53B3624CEF1B400037EDE /* Build configuration list for PBXNativeTarget "day-39-40-41" */ = {
			isa = XCConfigurationList;
			buildConfigurations = (
				91D53B3724CEF1B400037EDE /* Debug */,
				91D53B3824CEF1B400037EDE /* Release */,
			);
			defaultConfigurationIsVisible = 0;
			defaultConfigurationName = Release;
		};
/* End XCConfigurationList section */
	};
	rootObject = 91D53B1F24CEF1B300037EDE /* Project object */;
}
